github.com/SebastiaanKlippert/go-wkhtmltopdf v1.7.2 h1:LORAatv6KuKheYq8HXehiwx3f/VGuzJBNSydUDQ98EM=
github.com/SebastiaanKlippert/go-wkhtmltopdf v1.7.2/go.mod h1:TY8r0gmwEL1c5Lbd66NgQCkL4ZjGDJCMVqvbbFvUx20=
github.com/SebastiaanKlippert/go-wkhtmltopdf v1.9.0 h1:DNrExYwvyyI404SxdUCCANAj9TwnGjRfa3cYFMNY1AU=
github.com/SebastiaanKlippert/go-wkhtmltopdf v1.9.0/go.mod h1:SQq4xfIdvf6WYKSDxAJc+xOJdolt+/bc1jnQKMtPMvQ=
gopkg.in/check.v1 v0.0.0-20161208181325-20d25e280405 h1:yhCVgyC4o1eVCa2tZl7eS0r+SDo693bJlVdllGtEeKM=
gopkg.in/check.v1 v0.0.0-20161208181325-20d25e280405/go.mod h1:Co6ibVJAznAaIkqp8huTwlJQCZ016jof/cbN4VW5Yz0=
gopkg.in/yaml.v2 v2.2.2 h1:ZCJp+EgiOT7lHqUV2J862kp8Qj64Jo6az82+3Td9dZw=
gopkg.in/yaml.v2 v2.2.2/go.mod h1:hI93XBmqTisBFMUTm0b8Fm+jr3Dg1NNxqwp+5A1VGuI=
